
Microsoft Visual Studio Solution File, Format Version 12.00
# Visual Studio 15
VisualStudioVersion = 15.0.27004.2008
MinimumVisualStudioVersion = 10.0.40219.1
Project("{FAE04EC0-301F-11D3-BF4B-00C04F79EFBC}") = "WebApplication4", "WebApplication4\WebApplication4.csproj", "{C5B4A88E-7693-4BCA-ABE0-CFE77229C9D5}"
EndProject
Global
	GlobalSection(SolutionConfigurationPlatforms) = preSolution
		Debug|Any CPU = Debug|Any CPU
		Release|Any CPU = Release|Any CPU
	EndGlobalSection
	GlobalSection(ProjectConfigurationPlatforms) = postSolution
		{C5B4A88E-7693-4BCA-ABE0-CFE77229C9D5}.Debug|Any CPU.ActiveCfg = Debug|Any CPU
		{C5B4A88E-7693-4BCA-ABE0-CFE77229C9D5}.Debug|Any CPU.Build.0 = Debug|Any CPU
		{C5B4A88E-7693-4BCA-ABE0-CFE77229C9D5}.Release|Any CPU.ActiveCfg = Release|Any CPU
		{C5B4A88E-7693-4BCA-ABE0-CFE77229C9D5}.Release|Any CPU.Build.0 = Release|Any CPU
	EndGlobalSection
	GlobalSection(SolutionProperties) = preSolution
		HideSolutionNode = FALSE
	EndGlobalSection
	GlobalSection(ExtensibilityGlobals) = postSolution
		SolutionGuid = {EE7D64FC-A5DD-4FC5-A1FB-9B96239862BC}
	EndGlobalSection
EndGlobal
